
Microsoft Visual Studio Solution File, Format Version 12.00
# Visual Studio Version 16
VisualStudioVersion = 16.0.29613.14
MinimumVisualStudioVersion = 10.0.40219.1
Project("{9A19103F-16F7-4668-BE54-9A1E7A4F7556}") = "MyAPI", "MyAPI\MyAPI.csproj", "{DD958AC7-F02B-4F9E-B1CB-1C1EC8DB1340}"
EndProject
Project("{FAE04EC0-301F-11D3-BF4B-00C04F79EFBC}") = "MyAppBro", "MyAppBro\MyAppBro.csproj", "{0F797468-62BC-4F15-80A5-B3D8E6100DE7}"
EndProject
Global
	GlobalSection(SolutionConfigurationPlatforms) = preSolution
		Debug|Any CPU = Debug|Any CPU
		Release|Any CPU = Release|Any CPU
	EndGlobalSection
	GlobalSection(ProjectConfigurationPlatforms) = postSolution
		{DD958AC7-F02B-4F9E-B1CB-1C1EC8DB1340}.Debug|Any CPU.ActiveCfg = Debug|Any CPU
		{DD958AC7-F02B-4F9E-B1CB-1C1EC8DB1340}.Debug|Any CPU.Build.0 = Debug|Any CPU
		{DD958AC7-F02B-4F9E-B1CB-1C1EC8DB1340}.Release|Any CPU.ActiveCfg = Release|Any CPU
		{DD958AC7-F02B-4F9E-B1CB-1C1EC8DB1340}.Release|Any CPU.Build.0 = Release|Any CPU
		{0F797468-62BC-4F15-80A5-B3D8E6100DE7}.Debug|Any CPU.ActiveCfg = Debug|Any CPU
		{0F797468-62BC-4F15-80A5-B3D8E6100DE7}.Debug|Any CPU.Build.0 = Debug|Any CPU
		{0F797468-62BC-4F15-80A5-B3D8E6100DE7}.Release|Any CPU.ActiveCfg = Release|Any CPU
		{0F797468-62BC-4F15-80A5-B3D8E6100DE7}.Release|Any CPU.Build.0 = Release|Any CPU
	EndGlobalSection
	GlobalSection(SolutionProperties) = preSolution
		HideSolutionNode = FALSE
	EndGlobalSection
	GlobalSection(ExtensibilityGlobals) = postSolution
		SolutionGuid = {C699DFEA-CF78-4305-BC20-D52F874A423A}
	EndGlobalSection
EndGlobal
